
Microsoft Visual Studio Solution File, Format Version 12.00
# Visual Studio Version 17
VisualStudioVersion = 17.7.34031.279
MinimumVisualStudioVersion = 10.0.40219.1
Project("{FAE04EC0-301F-11D3-BF4B-00C04F79EFBC}") = "SignalRProjectHackaton", "SignalRProjectHackaton\SignalRProjectHackaton.csproj", "{B1B882A7-B45B-42A6-9FD4-C41998A78716}"
EndProject
Global
	GlobalSection(SolutionConfigurationPlatforms) = preSolution
		Debug|Any CPU = Debug|Any CPU
		Release|Any CPU = Release|Any CPU
	EndGlobalSection
	GlobalSection(ProjectConfigurationPlatforms) = postSolution
		{B1B882A7-B45B-42A6-9FD4-C41998A78716}.Debug|Any CPU.ActiveCfg = Debug|Any CPU
		{B1B882A7-B45B-42A6-9FD4-C41998A78716}.Debug|Any CPU.Build.0 = Debug|Any CPU
		{B1B882A7-B45B-42A6-9FD4-C41998A78716}.Release|Any CPU.ActiveCfg = Release|Any CPU
		{B1B882A7-B45B-42A6-9FD4-C41998A78716}.Release|Any CPU.Build.0 = Release|Any CPU
	EndGlobalSection
	GlobalSection(SolutionProperties) = preSolution
		HideSolutionNode = FALSE
	EndGlobalSection
	GlobalSection(ExtensibilityGlobals) = postSolution
		SolutionGuid = {5593D7F9-16F8-4A35-87DB-F4FE19FF4F47}
	EndGlobalSection
EndGlobal
